
Microsoft Visual Studio Solution File, Format Version 12.00
# Visual Studio Version 17
VisualStudioVersion = 17.14.37516.0 d17.14
MinimumVisualStudioVersion = 10.0.40219.1
Project("{FAE04EC0-301F-11D3-BF4B-00C04F79EFBC}") = "CodeArchaeologist.Cli", "CodeArchaeologist.Cli\CodeArchaeologist.Cli.csproj", "{69587077-20F3-4718-AD0A-1079CDCB8D2A}"
EndProject
Project("{FAE04EC0-301F-11D3-BF4B-00C04F79EFBC}") = "CodeArcaeologistCore", "CodeArcaeologistCore\CodeArcaeologistCore.csproj", "{695A2CBA-B4AC-4D3F-967B-A289DAC5A113}"
EndProject
Project("{FAE04EC0-301F-11D3-BF4B-00C04F79EFBC}") = "CodeArhaeologist.CSharp", "CodeArhaeologist.CSharp\CodeArhaeologist.CSharp.csproj", "{EBCB8EF1-2288-4BC6-9BBE-2A3FEF663CFE}"
EndProject
Global
	GlobalSection(SolutionConfigurationPlatforms) = preSolution
		Debug|Any CPU = Debug|Any CPU
		Release|Any CPU = Release|Any CPU
	EndGlobalSection
	GlobalSection(ProjectConfigurationPlatforms) = postSolution
		{69587077-20F3-4718-AD0A-1079CDCB8D2A}.Debug|Any CPU.ActiveCfg = Debug|Any CPU
		{69587077-20F3-4718-AD0A-1079CDCB8D2A}.Debug|Any CPU.Build.0 = Debug|Any CPU
		{69587077-20F3-4718-AD0A-1079CDCB8D2A}.Release|Any CPU.ActiveCfg = Release|Any CPU
		{69587077-20F3-4718-AD0A-1079CDCB8D2A}.Release|Any CPU.Build.0 = Release|Any CPU
		{695A2CBA-B4AC-4D3F-967B-A289DAC5A113}.Debug|Any CPU.ActiveCfg = Debug|Any CPU
		{695A2CBA-B4AC-4D3F-967B-A289DAC5A113}.Debug|Any CPU.Build.0 = Debug|Any CPU
		{695A2CBA-B4AC-4D3F-967B-A289DAC5A113}.Release|Any CPU.ActiveCfg = Release|Any CPU
		{695A2CBA-B4AC-4D3F-967B-A289DAC5A113}.Release|Any CPU.Build.0 = Release|Any CPU
		{EBCB8EF1-2288-4BC6-9BBE-2A3FEF663CFE}.Debug|Any CPU.ActiveCfg = Debug|Any CPU
		{EBCB8EF1-2288-4BC6-9BBE-2A3FEF663CFE}.Debug|Any CPU.Build.0 = Debug|Any CPU
		{EBCB8EF1-2288-4BC6-9BBE-2A3FEF663CFE}.Release|Any CPU.ActiveCfg = Release|Any CPU
		{EBCB8EF1-2288-4BC6-9BBE-2A3FEF663CFE}.Release|Any CPU.Build.0 = Release|Any CPU
	EndGlobalSection
	GlobalSection(SolutionProperties) = preSolution
		HideSolutionNode = FALSE
	EndGlobalSection
	GlobalSection(ExtensibilityGlobals) = postSolution
		SolutionGuid = {1115DCF7-247A-4C38-9FA5-CA891B33E8F6}
	EndGlobalSection
EndGlobal
